
Microsoft Visual Studio Solution File, Format Version 12.00
# Visual Studio Version 17
VisualStudioVersion = 17.0.31903.59
MinimumVisualStudioVersion = 10.0.40219.1
Project("{FAE04EC0-301F-11D3-BF4B-00C04F79EFBC}") = "LibraryAspNetSix.Api", "LibraryAspNetSix.Api\LibraryAspNetSix.Api.csproj", "{48BAA08B-1FDE-4A78-8098-03BE9EBE0F6C}"
EndProject
Global
	GlobalSection(SolutionConfigurationPlatforms) = preSolution
		Debug|Any CPU = Debug|Any CPU
		Release|Any CPU = Release|Any CPU
	EndGlobalSection
	GlobalSection(ProjectConfigurationPlatforms) = postSolution
		{48BAA08B-1FDE-4A78-8098-03BE9EBE0F6C}.Debug|Any CPU.ActiveCfg = Debug|Any CPU
		{48BAA08B-1FDE-4A78-8098-03BE9EBE0F6C}.Debug|Any CPU.Build.0 = Debug|Any CPU
		{48BAA08B-1FDE-4A78-8098-03BE9EBE0F6C}.Release|Any CPU.ActiveCfg = Release|Any CPU
		{48BAA08B-1FDE-4A78-8098-03BE9EBE0F6C}.Release|Any CPU.Build.0 = Release|Any CPU
	EndGlobalSection
	GlobalSection(SolutionProperties) = preSolution
		HideSolutionNode = FALSE
	EndGlobalSection
	GlobalSection(ExtensibilityGlobals) = postSolution
		SolutionGuid = {7809490E-C584-4A3F-BC6C-2DE66F3DB8E6}
	EndGlobalSection
EndGlobal
